
Microsoft Visual Studio Solution File, Format Version 12.00
# Visual Studio Version 17
VisualStudioVersion = 17.1.32328.378
MinimumVisualStudioVersion = 10.0.40219.1
Project("{FAE04EC0-301F-11D3-BF4B-00C04F79EFBC}") = "ReportService", "ReportService\ReportService.csproj", "{EA63F868-F899-4B79-B24F-4ABCE70F301D}"
EndProject
Global
	GlobalSection(SolutionConfigurationPlatforms) = preSolution
		Debug|Any CPU = Debug|Any CPU
		Release|Any CPU = Release|Any CPU
	EndGlobalSection
	GlobalSection(ProjectConfigurationPlatforms) = postSolution
		{EA63F868-F899-4B79-B24F-4ABCE70F301D}.Debug|Any CPU.ActiveCfg = Debug|Any CPU
		{EA63F868-F899-4B79-B24F-4ABCE70F301D}.Debug|Any CPU.Build.0 = Debug|Any CPU
		{EA63F868-F899-4B79-B24F-4ABCE70F301D}.Release|Any CPU.ActiveCfg = Release|Any CPU
		{EA63F868-F899-4B79-B24F-4ABCE70F301D}.Release|Any CPU.Build.0 = Release|Any CPU
	EndGlobalSection
	GlobalSection(SolutionProperties) = preSolution
		HideSolutionNode = FALSE
	EndGlobalSection
	GlobalSection(ExtensibilityGlobals) = postSolution
		SolutionGuid = {15DCB550-0A13-457E-9E49-90CB74080FB0}
	EndGlobalSection
EndGlobal
